
Microsoft Visual Studio Solution File, Format Version 12.00
# Visual Studio Version 17
VisualStudioVersion = 17.0.31903.59
MinimumVisualStudioVersion = 10.0.40219.1
Project("{FAE04EC0-301F-11D3-BF4B-00C04F79EFBC}") = "CTT_Tools", "CTT_Tools\CTT_Tools.csproj", "{C703E66C-5654-42CD-9A00-5DC17BC77E5A}"
EndProject
Global
	GlobalSection(SolutionConfigurationPlatforms) = preSolution
		Debug|Any CPU = Debug|Any CPU
		Release|Any CPU = Release|Any CPU
	EndGlobalSection
	GlobalSection(ProjectConfigurationPlatforms) = postSolution
		{C703E66C-5654-42CD-9A00-5DC17BC77E5A}.Debug|Any CPU.ActiveCfg = Debug|Any CPU
		{C703E66C-5654-42CD-9A00-5DC17BC77E5A}.Debug|Any CPU.Build.0 = Debug|Any CPU
		{C703E66C-5654-42CD-9A00-5DC17BC77E5A}.Release|Any CPU.ActiveCfg = Release|Any CPU
		{C703E66C-5654-42CD-9A00-5DC17BC77E5A}.Release|Any CPU.Build.0 = Release|Any CPU
	EndGlobalSection
	GlobalSection(SolutionProperties) = preSolution
		HideSolutionNode = FALSE
	EndGlobalSection
	GlobalSection(ExtensibilityGlobals) = postSolution
		SolutionGuid = {1AE827D7-31DC-41CD-AC65-5BB22349E8F0}
	EndGlobalSection
EndGlobal
